
Microsoft Visual Studio Solution File, Format Version 12.00
# Visual Studio Version 17
VisualStudioVersion = 17.0.32014.148
MinimumVisualStudioVersion = 10.0.40219.1
Project("{FAE04EC0-301F-11D3-BF4B-00C04F79EFBC}") = "HermessChatAppTeamB_v.2", "HermessChatAppTeamB_v.2\HermessChatAppTeamB_v.2.csproj", "{8AC3D99C-AA18-4314-A568-014898223B40}"
EndProject
Global
	GlobalSection(SolutionConfigurationPlatforms) = preSolution
		Debug|Any CPU = Debug|Any CPU
		Release|Any CPU = Release|Any CPU
	EndGlobalSection
	GlobalSection(ProjectConfigurationPlatforms) = postSolution
		{8AC3D99C-AA18-4314-A568-014898223B40}.Debug|Any CPU.ActiveCfg = Debug|Any CPU
		{8AC3D99C-AA18-4314-A568-014898223B40}.Debug|Any CPU.Build.0 = Debug|Any CPU
		{8AC3D99C-AA18-4314-A568-014898223B40}.Release|Any CPU.ActiveCfg = Release|Any CPU
		{8AC3D99C-AA18-4314-A568-014898223B40}.Release|Any CPU.Build.0 = Release|Any CPU
	EndGlobalSection
	GlobalSection(SolutionProperties) = preSolution
		HideSolutionNode = FALSE
	EndGlobalSection
	GlobalSection(ExtensibilityGlobals) = postSolution
		SolutionGuid = {09B0686A-0864-4209-B39B-34B3B575480F}
	EndGlobalSection
EndGlobal
